# This file is automatically @generated by Cargo.
# It is not intended for manual editing.
version = 4

[[package]]
name = "rustynet-backend-api"
version = "0.1.0"

[[package]]
name = "rustynet-backend-wireguard"
version = "0.1.0"
dependencies = [
 "rustynet-backend-api",
]

[[package]]
name = "rustynet-cli"
version = "0.1.0"

[[package]]
name = "rustynet-control"
version = "0.1.0"
dependencies = [
 "rustynet-crypto",
 "rustynet-policy",
]

[[package]]
name = "rustynet-crypto"
version = "0.1.0"

[[package]]
name = "rustynet-policy"
version = "0.1.0"

[[package]]
name = "rustynet-relay"
version = "0.1.0"

[[package]]
name = "rustynetd"
version = "0.1.0"
dependencies = [
 "rustynet-backend-api",
 "rustynet-backend-wireguard",
 "rustynet-crypto",
 "rustynet-policy",
]
